github.com/gohugoio/gohugoioTheme v0.0.0-20191014144142-1f3a01deed7b h1:PWNjl46fvtz54PKO0BdiXOF6/4L/uCP0F3gtcCxGrJs=
github.com/gohugoio/gohugoioTheme v0.0.0-20191014144142-1f3a01deed7b/go.mod h1:kpw3SS48xZvLQGEXKu8u5XHgXkPvL8DX3oGa07+z8Bs=
github.com/gohugoio/gohugoioTheme v0.0.0-20191021162625-2e7250ca437d h1:D3DcaYkuJbotdWNNAQpQl37txX4HQ6R5uMHoxVmTw0w=
github.com/gohugoio/gohugoioTheme v0.0.0-20191021162625-2e7250ca437d/go.mod h1:kpw3SS48xZvLQGEXKu8u5XHgXkPvL8DX3oGa07+z8Bs=
github.com/gohugoio/gohugoioTheme v0.0.0-20200711112515-b0dfe471654f h1:BWJyycs4HD7tUbaU8RIGeMay84bIBWRVVLE3yajPas4=
github.com/gohugoio/gohugoioTheme v0.0.0-20200711112515-b0dfe471654f/go.mod h1:kpw3SS48xZvLQGEXKu8u5XHgXkPvL8DX3oGa07+z8Bs=
github.com/gohugoio/gohugoioTheme v0.0.0-20210301124928-2c15837dfec3 h1:ShqzOFeeg54FPSuS6q8HSeTVgj2xNZRe/YS0jNbi21g=
github.com/gohugoio/gohugoioTheme v0.0.0-20210301124928-2c15837dfec3/go.mod h1:kpw3SS48xZvLQGEXKu8u5XHgXkPvL8DX3oGa07+z8Bs=
github.com/gohugoio/gohugoioTheme v0.0.0-20211211134334-0fe25799bb58 h1:Cxa8MQVzizS/pQKPXiokL62HgPr6G2Ta4qKEMz1LoeU=
github.com/gohugoio/gohugoioTheme v0.0.0-20211211134334-0fe25799bb58/go.mod h1:kpw3SS48xZvLQGEXKu8u5XHgXkPvL8DX3oGa07+z8Bs=
github.com/gohugoio/gohugoioTheme v0.0.0-20220905093719-cb8b64046950 h1:Ovlh3nuy/aNptYZHmIra2MP+ZUEqiihY0HxvhdaMqGg=
github.com/gohugoio/gohugoioTheme v0.0.0-20220905093719-cb8b64046950/go.mod h1:kpw3SS48xZvLQGEXKu8u5XHgXkPvL8DX3oGa07+z8Bs=
github.com/gohugoio/gohugoioTheme v0.0.0-20220912070954-88dcaf003b4d h1:UYJL6RmEepprvlgHvDnFCWtPOvjmqzFCQ90cRDRBO7U=
github.com/gohugoio/gohugoioTheme v0.0.0-20220912070954-88dcaf003b4d/go.mod h1:kpw3SS48xZvLQGEXKu8u5XHgXkPvL8DX3oGa07+z8Bs=
github.com/gohugoio/gohugoioTheme v0.0.0-20220914071648-0ef1c51685bf h1:A8Ksnvp8reNt2Ap0mUK7gFkJkCjt9R60yopGsezcOBA=
github.com/gohugoio/gohugoioTheme v0.0.0-20220914071648-0ef1c51685bf/go.mod h1:kpw3SS48xZvLQGEXKu8u5XHgXkPvL8DX3oGa07+z8Bs=
